
Microsoft Visual Studio Solution File, Format Version 12.00
# Visual Studio Version 17
VisualStudioVersion = 17.0.31919.166
MinimumVisualStudioVersion = 10.0.40219.1
Project("{FAE04EC0-301F-11D3-BF4B-00C04F79EFBC}") = "Activity_9", "Activity_9\Activity_9.csproj", "{58339E83-5E6A-47AB-B9E6-E1D9073A267B}"
EndProject
Global
	GlobalSection(SolutionConfigurationPlatforms) = preSolution
		Debug|Any CPU = Debug|Any CPU
		Release|Any CPU = Release|Any CPU
	EndGlobalSection
	GlobalSection(ProjectConfigurationPlatforms) = postSolution
		{58339E83-5E6A-47AB-B9E6-E1D9073A267B}.Debug|Any CPU.ActiveCfg = Debug|Any CPU
		{58339E83-5E6A-47AB-B9E6-E1D9073A267B}.Debug|Any CPU.Build.0 = Debug|Any CPU
		{58339E83-5E6A-47AB-B9E6-E1D9073A267B}.Release|Any CPU.ActiveCfg = Release|Any CPU
		{58339E83-5E6A-47AB-B9E6-E1D9073A267B}.Release|Any CPU.Build.0 = Release|Any CPU
	EndGlobalSection
	GlobalSection(SolutionProperties) = preSolution
		HideSolutionNode = FALSE
	EndGlobalSection
	GlobalSection(ExtensibilityGlobals) = postSolution
		SolutionGuid = {4083C0F4-155F-487C-9703-92D8D96D8339}
	EndGlobalSection
EndGlobal
